Microsoft Visual Studio Solution File, Format Version 12.00
# Visual Studio Version 17
VisualStudioVersion = 17.5.2.0
MinimumVisualStudioVersion = 10.0.40219.1
Project("{FAE04EC0-301F-11D3-BF4B-00C04F79EFBC}") = "IdentityServerCenter", "IdentityServerCenter\IdentityServerCenter.csproj", "{5782EFDC-6A18-9F5D-EE1B-3B07EC865E60}"
EndProject
Global
	GlobalSection(SolutionConfigurationPlatforms) = preSolution
		Debug|Any CPU = Debug|Any CPU
		Release|Any CPU = Release|Any CPU
	EndGlobalSection
	GlobalSection(ProjectConfigurationPlatforms) = postSolution
		{5782EFDC-6A18-9F5D-EE1B-3B07EC865E60}.Debug|Any CPU.ActiveCfg = Debug|Any CPU
		{5782EFDC-6A18-9F5D-EE1B-3B07EC865E60}.Debug|Any CPU.Build.0 = Debug|Any CPU
		{5782EFDC-6A18-9F5D-EE1B-3B07EC865E60}.Release|Any CPU.ActiveCfg = Release|Any CPU
		{5782EFDC-6A18-9F5D-EE1B-3B07EC865E60}.Release|Any CPU.Build.0 = Release|Any CPU
	EndGlobalSection
	GlobalSection(SolutionProperties) = preSolution
		HideSolutionNode = FALSE
	EndGlobalSection
	GlobalSection(ExtensibilityGlobals) = postSolution
		SolutionGuid = {67D23038-FA29-46D5-BAEE-E8E0645C3973}
	EndGlobalSection
EndGlobal
